<?xml version="1.0" encoding="utf-8"?>
<Project ToolsVersion="4.0" xmlns="http://schemas.microsoft.com/developer/msbuild/2003">
  <ItemGroup>
    <Filter Include="CMake Rules">
      <UniqueIdentifier>{9ca95dd1-c953-4b82-91dc-d43707461778}</UniqueIdentifier>
    </Filter>
  </ItemGroup>
  <ItemGroup>
    <None Include="F:\VTKVessel910815\VTKVess\CMakeFiles\ALL_BUILD" />
  </ItemGroup>
  <ItemGroup>
    <CustomBuild Include="F:\VTKVessel910815\VTKVess\CMakeLists.txt" />
    <CustomBuild Include="F:\VTKVessel910815\VTKVess\CMakeFiles\ALL_BUILD.rule">
      <Filter>CMake Rules</Filter>
    </CustomBuild>
  </ItemGroup>
</Project>