<?xml version="1.0" encoding="utf-8"?>
<Project ToolsVersion="4.0" xmlns="http://schemas.microsoft.com/developer/msbuild/2003">
  <ItemGroup>
    <Filter Include="CMake Rules">
      <UniqueIdentifier>{469c0cd3-6894-44ea-a716-a19b3e6919f5}</UniqueIdentifier>
    </Filter>
  </ItemGroup>
  <ItemGroup>
    <None Include="F:\VTKVessel910815\VTKVess\CMakeFiles\ZERO_CHECK" />
  </ItemGroup>
  <ItemGroup>
    <CustomBuild Include="F:\VTKVessel910815\VTKVess\CMakeFiles\generate.stamp.rule">
      <Filter>CMake Rules</Filter>
    </CustomBuild>
    <CustomBuild Include="F:\VTKVessel910815\VTKVess\CMakeFiles\ZERO_CHECK.rule">
      <Filter>CMake Rules</Filter>
    </CustomBuild>
  </ItemGroup>
</Project>